
Microsoft Visual Studio Solution File, Format Version 12.00
# Visual Studio Version 16
VisualStudioVersion = 16.0.31729.503
MinimumVisualStudioVersion = 10.0.40219.1
Project("{FAE04EC0-301F-11D3-BF4B-00C04F79EFBC}") = "OopITextTransformation.Library", "OopITextTransformation.Library\OopITextTransformation.Library.csproj", "{3B58486B-FE1B-4932-BC70-98190B39F7A7}"
EndProject
Project("{FAE04EC0-301F-11D3-BF4B-00C04F79EFBC}") = "Application", "Application\Application.csproj", "{F53D1548-8989-4630-9570-F83832BAD07C}"
	ProjectSection(ProjectDependencies) = postProject
		{3B58486B-FE1B-4932-BC70-98190B39F7A7} = {3B58486B-FE1B-4932-BC70-98190B39F7A7}
	EndProjectSection
EndProject
Global
	GlobalSection(SolutionConfigurationPlatforms) = preSolution
		Debug|Any CPU = Debug|Any CPU
		Release|Any CPU = Release|Any CPU
	EndGlobalSection
	GlobalSection(ProjectConfigurationPlatforms) = postSolution
		{3B58486B-FE1B-4932-BC70-98190B39F7A7}.Debug|Any CPU.ActiveCfg = Debug|Any CPU
		{3B58486B-FE1B-4932-BC70-98190B39F7A7}.Debug|Any CPU.Build.0 = Debug|Any CPU
		{3B58486B-FE1B-4932-BC70-98190B39F7A7}.Release|Any CPU.ActiveCfg = Release|Any CPU
		{3B58486B-FE1B-4932-BC70-98190B39F7A7}.Release|Any CPU.Build.0 = Release|Any CPU
		{F53D1548-8989-4630-9570-F83832BAD07C}.Debug|Any CPU.ActiveCfg = Debug|Any CPU
		{F53D1548-8989-4630-9570-F83832BAD07C}.Debug|Any CPU.Build.0 = Debug|Any CPU
		{F53D1548-8989-4630-9570-F83832BAD07C}.Release|Any CPU.ActiveCfg = Release|Any CPU
		{F53D1548-8989-4630-9570-F83832BAD07C}.Release|Any CPU.Build.0 = Release|Any CPU
	EndGlobalSection
	GlobalSection(SolutionProperties) = preSolution
		HideSolutionNode = FALSE
	EndGlobalSection
	GlobalSection(ExtensibilityGlobals) = postSolution
		SolutionGuid = {4845A105-791A-4BEB-85CF-F6A3B3992510}
	EndGlobalSection
EndGlobal
